{
  "version": 4,
  "terraform_version": "1.3.9",
  "serial": 2,
  "lineage": "b26dc3ac-0b1e-9ee4-c9f3-4a002e45af25",
  "outputs": {},
  "resources": [
    {
      "mode": "managed",
      "type": "azurerm_resource_group",
      "name": "first_resource_group",
      "provider": "provider[\"registry.terraform.io/hashicorp/azurerm\"]",
      "instances": [
        {
          "schema_version": 0,
          "attributes": {
            "id": "/subscriptions/a37ca5e2-93d4-4c6d-997a-a6358f84f0f7/resourceGroups/firstresourcegroup",
            "location": "eastus",
            "name": "firstresourcegroup",
            "tags": {},
            "timeouts": {
              "create": null,
              "delete": null,
              "read": null,
              "update": null
            }
          },
          "sensitive_attributes": [],
          "private": "eyJlMmJmYjczMC1lY2FhLTExZTYtOGY4OC0zNDM2M2JjN2M0YzAiOnsiY3JlYXRlIjo1NDAwMDAwMDAwMDAwLCJkZWxldGUiOjU0MDAwMDAwMDAwMDAsInJlYWQiOjMwMDAwMDAwMDAwMCwidXBkYXRlIjo1NDAwMDAwMDAwMDAwfSwic2NoZW1hX3ZlcnNpb24iOiIwIn0="
        }
      ]
    },
    {
      "mode": "managed",
      "type": "azurerm_virtual_network",
      "name": "first_virtual_machine_vnet",
      "provider": "provider[\"registry.terraform.io/hashicorp/azurerm\"]",
      "instances": [
        {
          "schema_version": 0,
          "attributes": {
            "address_space": [
              "10.0.0.0/16"
            ],
            "bgp_community": "",
            "ddos_protection_plan": [],
            "dns_servers": [],
            "edge_zone": "",
            "flow_timeout_in_minutes": 0,
            "guid": "e6da9908-3a67-45ef-83e5-e9342cb1401b",
            "id": "/subscriptions/a37ca5e2-93d4-4c6d-997a-a6358f84f0f7/resourceGroups/firstresourcegroup/providers/Microsoft.Network/virtualNetworks/firstvirtualmachine-vnet",
            "location": "eastus",
            "name": "firstvirtualmachine-vnet",
            "resource_group_name": "firstresourcegroup",
            "subnet": [
              {
                "address_prefix": "10.0.0.0/24",
                "id": "/subscriptions/a37ca5e2-93d4-4c6d-997a-a6358f84f0f7/resourceGroups/firstresourcegroup/providers/Microsoft.Network/virtualNetworks/firstvirtualmachine-vnet/subnets/default",
                "name": "default",
                "security_group": ""
              }
            ],
            "tags": {},
            "timeouts": {
              "create": null,
              "delete": null,
              "read": null,
              "update": null
            }
          },
          "sensitive_attributes": [],
          "private": "eyJlMmJmYjczMC1lY2FhLTExZTYtOGY4OC0zNDM2M2JjN2M0YzAiOnsiY3JlYXRlIjoxODAwMDAwMDAwMDAwLCJkZWxldGUiOjE4MDAwMDAwMDAwMDAsInJlYWQiOjMwMDAwMDAwMDAwMCwidXBkYXRlIjoxODAwMDAwMDAwMDAwfSwic2NoZW1hX3ZlcnNpb24iOiIwIn0="
        }
      ]
    }
  ],
  "check_results": null
}
